
Microsoft Visual Studio Solution File, Format Version 12.00
# Visual Studio Version 17
VisualStudioVersion = 17.6.33829.357
MinimumVisualStudioVersion = 10.0.40219.1
Project("{FAE04EC0-301F-11D3-BF4B-00C04F79EFBC}") = "CampusCom", "CampusCom\CampusCom.csproj", "{A7F4523A-24F3-4ADD-B1D7-7B4B27464A3A}"
EndProject
Global
	GlobalSection(SolutionConfigurationPlatforms) = preSolution
		Debug|Any CPU = Debug|Any CPU
		Release|Any CPU = Release|Any CPU
	EndGlobalSection
	GlobalSection(ProjectConfigurationPlatforms) = postSolution
		{A7F4523A-24F3-4ADD-B1D7-7B4B27464A3A}.Debug|Any CPU.ActiveCfg = Debug|Any CPU
		{A7F4523A-24F3-4ADD-B1D7-7B4B27464A3A}.Debug|Any CPU.Build.0 = Debug|Any CPU
		{A7F4523A-24F3-4ADD-B1D7-7B4B27464A3A}.Release|Any CPU.ActiveCfg = Release|Any CPU
		{A7F4523A-24F3-4ADD-B1D7-7B4B27464A3A}.Release|Any CPU.Build.0 = Release|Any CPU
	EndGlobalSection
	GlobalSection(SolutionProperties) = preSolution
		HideSolutionNode = FALSE
	EndGlobalSection
	GlobalSection(ExtensibilityGlobals) = postSolution
		SolutionGuid = {CE463BDF-1E9A-47F7-93EA-134B0A0F3CAE}
	EndGlobalSection
EndGlobal
